
Microsoft Visual Studio Solution File, Format Version 12.00
# Visual Studio Version 16
VisualStudioVersion = 16.0.31321.278
MinimumVisualStudioVersion = 10.0.40219.1
Project("{FAE04EC0-301F-11D3-BF4B-00C04F79EFBC}") = "ConsoleUI", "ConsoleUI\ConsoleUI.csproj", "{6BC8340F-9601-4128-9A3D-326B401930D1}"
EndProject
Global
	GlobalSection(SolutionConfigurationPlatforms) = preSolution
		Debug|Any CPU = Debug|Any CPU
		Release|Any CPU = Release|Any CPU
	EndGlobalSection
	GlobalSection(ProjectConfigurationPlatforms) = postSolution
		{6BC8340F-9601-4128-9A3D-326B401930D1}.Debug|Any CPU.ActiveCfg = Debug|Any CPU
		{6BC8340F-9601-4128-9A3D-326B401930D1}.Debug|Any CPU.Build.0 = Debug|Any CPU
		{6BC8340F-9601-4128-9A3D-326B401930D1}.Release|Any CPU.ActiveCfg = Release|Any CPU
		{6BC8340F-9601-4128-9A3D-326B401930D1}.Release|Any CPU.Build.0 = Release|Any CPU
	EndGlobalSection
	GlobalSection(SolutionProperties) = preSolution
		HideSolutionNode = FALSE
	EndGlobalSection
	GlobalSection(ExtensibilityGlobals) = postSolution
		SolutionGuid = {14430CDD-4312-4C92-B4F0-F273F7158B95}
	EndGlobalSection
EndGlobal
